
Microsoft Visual Studio Solution File, Format Version 12.00
# Visual Studio 15
VisualStudioVersion = 15.0.28307.106
MinimumVisualStudioVersion = 10.0.40219.1
Project("{FAE04EC0-301F-11D3-BF4B-00C04F79EFBC}") = "GetImageService", "GetImageService\GetImageService.csproj", "{6CE8C430-FC20-43ED-83D3-61336DC4F826}"
EndProject
Project("{FAE04EC0-301F-11D3-BF4B-00C04F79EFBC}") = "GetImageService.Tests", "GetImageService.Tests\GetImageService.Tests.csproj", "{C03939B3-315F-4450-996D-A120DD6E474D}"
EndProject
Global
	GlobalSection(SolutionConfigurationPlatforms) = preSolution
		Debug|Any CPU = Debug|Any CPU
		Release|Any CPU = Release|Any CPU
	EndGlobalSection
	GlobalSection(ProjectConfigurationPlatforms) = postSolution
		{6CE8C430-FC20-43ED-83D3-61336DC4F826}.Debug|Any CPU.ActiveCfg = Debug|Any CPU
		{6CE8C430-FC20-43ED-83D3-61336DC4F826}.Debug|Any CPU.Build.0 = Debug|Any CPU
		{6CE8C430-FC20-43ED-83D3-61336DC4F826}.Release|Any CPU.ActiveCfg = Release|Any CPU
		{6CE8C430-FC20-43ED-83D3-61336DC4F826}.Release|Any CPU.Build.0 = Release|Any CPU
		{C03939B3-315F-4450-996D-A120DD6E474D}.Debug|Any CPU.ActiveCfg = Debug|Any CPU
		{C03939B3-315F-4450-996D-A120DD6E474D}.Debug|Any CPU.Build.0 = Debug|Any CPU
		{C03939B3-315F-4450-996D-A120DD6E474D}.Release|Any CPU.ActiveCfg = Release|Any CPU
		{C03939B3-315F-4450-996D-A120DD6E474D}.Release|Any CPU.Build.0 = Release|Any CPU
	EndGlobalSection
	GlobalSection(SolutionProperties) = preSolution
		HideSolutionNode = FALSE
	EndGlobalSection
	GlobalSection(ExtensibilityGlobals) = postSolution
		SolutionGuid = {939996E9-2376-48E7-B6FF-848FB6C81F9C}
	EndGlobalSection
EndGlobal
